
Microsoft Visual Studio Solution File, Format Version 12.00
# Visual Studio 15
Project("{FAE04EC0-301F-11D3-BF4B-00C04F79EFBC}") = "CrudWithEventSource.Web", "CrudWithEventSource.Web\CrudWithEventSource.Web.csproj", "{18A343DE-1FC1-40E3-BBB3-D397931B0B60}"
EndProject
Global
	GlobalSection(SolutionConfigurationPlatforms) = preSolution
		Debug|Any CPU = Debug|Any CPU
		Release|Any CPU = Release|Any CPU
	EndGlobalSection
	GlobalSection(ProjectConfigurationPlatforms) = postSolution
		{18A343DE-1FC1-40E3-BBB3-D397931B0B60}.Debug|Any CPU.ActiveCfg = Debug|Any CPU
		{18A343DE-1FC1-40E3-BBB3-D397931B0B60}.Debug|Any CPU.Build.0 = Debug|Any CPU
		{18A343DE-1FC1-40E3-BBB3-D397931B0B60}.Release|Any CPU.ActiveCfg = Release|Any CPU
		{18A343DE-1FC1-40E3-BBB3-D397931B0B60}.Release|Any CPU.Build.0 = Release|Any CPU
	EndGlobalSection
EndGlobal
